# This file is automatically @generated by Cargo.
# It is not intended for manual editing.
version = 4

[[package]]
name = "cf-core"
version = "0.1.0"

[[package]]
name = "cf-guardian"
version = "0.1.0"
dependencies = [
 "cf-core",
]

[[package]]
name = "cf-installer-custom-actions"
version = "0.1.0"
dependencies = [
 "cf-core",
]

[[package]]
name = "cf-relay"
version = "0.1.0"
dependencies = [
 "cf-core",
]

[[package]]
name = "cf-screen-cv"
version = "0.1.0"
dependencies = [
 "cf-core",
]

[[package]]
name = "cf-service"
version = "0.1.0"
dependencies = [
 "cf-core",
]

[[package]]
name = "cf-tray"
version = "0.1.0"
dependencies = [
 "cf-core",
]
